PODS:
  - JSQMessagesViewController (6.1.3):
    - JSQSystemSoundPlayer (~> 2.0.1)
  - JSQSystemSoundPlayer (2.0.1)
  - OCMock (2.0.1)

DEPENDENCIES:
  - JSQMessagesViewController
  - OCMock (~> 2.0.1)

SPEC CHECKSUMS:
  JSQMessagesViewController: e93a288a9662d4519c95a28a8c0eec10beae1bfc
  JSQSystemSoundPlayer: 55528c699a283aae2220d3ae7b8b527d2ecef4b4
  OCMock: 60bfc5e6bc0ed592a6b7fb805b6c4d7108d37eb6

COCOAPODS: 0.36.0
